
Microsoft Visual Studio Solution File, Format Version 12.00
# Visual Studio Version 17
VisualStudioVersion = 17.0.31903.59
MinimumVisualStudioVersion = 10.0.40219.1
Project("{2150E333-8FDC-42A3-9474-1A3956D46DE8}") = "src", "src", "{93E6B8E2-2766-4FFD-A212-A69EB60382B0}"
EndProject
Project("{FAE04EC0-301F-11D3-BF4B-00C04F79EFBC}") = "Gateway", "src\Gateway\Gateway.csproj", "{80807C56-AA64-4812-8D24-D1963F9063E5}"
EndProject
Project("{FAE04EC0-301F-11D3-BF4B-00C04F79EFBC}") = "MessagingService", "src\MessagingService\MessagingService.csproj", "{9ECCE170-35F4-476D-B70B-D157D0A3EFA6}"
EndProject
Project("{FAE04EC0-301F-11D3-BF4B-00C04F79EFBC}") = "DirectoryService", "src\DirectoryService\DirectoryService.csproj", "{B345A2EB-6C4A-4419-93D0-D55AEC8E7F7C}"
EndProject
Project("{FAE04EC0-301F-11D3-BF4B-00C04F79EFBC}") = "Shared", "src\Shared\Shared.csproj", "{277916A2-8DA0-4AE3-8EC0-80991C114661}"
EndProject
Project("{2150E333-8FDC-42A3-9474-1A3956D46DE8}") = "tests", "tests", "{C0497DD6-8CD4-4674-AF7E-ABD3F8487317}"
EndProject
Project("{FAE04EC0-301F-11D3-BF4B-00C04F79EFBC}") = "Gateway.Tests", "tests\Gateway.Tests\Gateway.Tests.csproj", "{582FED33-C425-4C35-AB3D-C369975ECEE1}"
EndProject
Project("{FAE04EC0-301F-11D3-BF4B-00C04F79EFBC}") = "MessagingService.Tests", "tests\MessagingService.Tests\MessagingService.Tests.csproj", "{A1DA817F-EDA5-4B96-B0C1-C18F576421A3}"
EndProject
Project("{FAE04EC0-301F-11D3-BF4B-00C04F79EFBC}") = "DirectoryService.Tests", "tests\DirectoryService.Tests\DirectoryService.Tests.csproj", "{9D7A6C8C-5C69-4285-83DA-FCF31586DB3B}"
EndProject
Project("{FAE04EC0-301F-11D3-BF4B-00C04F79EFBC}") = "Shared.Tests", "tests\Shared.Tests\Shared.Tests.csproj", "{B60C5D09-9FFB-472F-B4D8-227FE90E1B02}"
EndProject
Project("{FAE04EC0-301F-11D3-BF4B-00C04F79EFBC}") = "DiscoveryService", "src\DiscoveryService\DiscoveryService.csproj", "{8B9B1686-7B49-48C6-A986-4DEDA23891C1}"
EndProject
Project("{FAE04EC0-301F-11D3-BF4B-00C04F79EFBC}") = "DiscoveryService.Tests", "tests\DiscoveryService.Tests\DiscoveryService.Tests.csproj", "{F4CE995C-66E8-475F-B833-EB0108212603}"
EndProject
Project("{2150E333-8FDC-42A3-9474-1A3956D46DE8}") = "authorization", "authorization", "{111D0B78-BBF5-CD87-15B6-32F25AF2740C}"
EndProject
Project("{2150E333-8FDC-42A3-9474-1A3956D46DE8}") = "identity", "identity", "{BC9DDAC6-2AED-910F-CB42-4E26C61794A3}"
EndProject
Project("{FAE04EC0-301F-11D3-BF4B-00C04F79EFBC}") = "Authorization.AzureAD", "src\authorization\Authorization.AzureAD\Authorization.AzureAD.csproj", "{D8CDBF04-E985-4099-B451-E3886AACC16D}"
EndProject
Project("{FAE04EC0-301F-11D3-BF4B-00C04F79EFBC}") = "Authorization.Mock", "src\authorization\Authorization.Mock\Authorization.Mock.csproj", "{4CB378E8-90C5-48D9-BEDA-2E3725433413}"
EndProject
Project("{FAE04EC0-301F-11D3-BF4B-00C04F79EFBC}") = "AuthorizationService.Core", "src\authorization\AuthorizationService.Core\AuthorizationService.Core.csproj", "{B925831E-69AC-4F76-B986-45BBADDDB6B2}"
EndProject
Project("{FAE04EC0-301F-11D3-BF4B-00C04F79EFBC}") = "Client", "src\Client\Client.csproj", "{810A09C7-7FBC-4F0C-A3D3-672EF359318E}"
EndProject
Project("{FAE04EC0-301F-11D3-BF4B-00C04F79EFBC}") = "Identity.AzureAD", "src\identity\Identity.AzureAD\Identity.AzureAD.csproj", "{EBD16EB7-4329-444E-AE67-E3BC9C5D03C3}"
EndProject
Project("{FAE04EC0-301F-11D3-BF4B-00C04F79EFBC}") = "Identity.KeyCloak", "src\identity\Identity.KeyCloak\Identity.KeyCloak.csproj", "{8E143D9C-28E7-4BE3-AFC7-C07831387576}"
EndProject
Project("{FAE04EC0-301F-11D3-BF4B-00C04F79EFBC}") = "Identity.Mock", "src\identity\Identity.Mock\Identity.Mock.csproj", "{50C20042-25F8-4A87-B72E-201F13987370}"
EndProject
Project("{FAE04EC0-301F-11D3-BF4B-00C04F79EFBC}") = "IdentityService.Core", "src\identity\IdentityService.Core\IdentityService.Core.csproj", "{52706F0E-B149-4DEC-BFD4-8FD1AE0FF48F}"
EndProject
Project("{FAE04EC0-301F-11D3-BF4B-00C04F79EFBC}") = "AddressableHealthSystems.AppHost", "src\AddressableHealthSystems.AppHost\AddressableHealthSystems.AppHost.csproj", "{54809241-F64C-4C47-B3B1-74BA55ABA8CD}"
EndProject
Project("{FAE04EC0-301F-11D3-BF4B-00C04F79EFBC}") = "AddressableHealthSystems.ServiceDefaults", "src\AddressableHealthSystems.ServiceDefaults\AddressableHealthSystems.ServiceDefaults.csproj", "{1A5FDBFF-28BB-4136-AD9E-45B17D6DD7B6}"
EndProject
Global
	GlobalSection(SolutionConfigurationPlatforms) = preSolution
		Debug|Any CPU = Debug|Any CPU
		Release|Any CPU = Release|Any CPU
	EndGlobalSection
	GlobalSection(ProjectConfigurationPlatforms) = postSolution
		{80807C56-AA64-4812-8D24-D1963F9063E5}.Debug|Any CPU.ActiveCfg = Debug|Any CPU
		{80807C56-AA64-4812-8D24-D1963F9063E5}.Debug|Any CPU.Build.0 = Debug|Any CPU
		{80807C56-AA64-4812-8D24-D1963F9063E5}.Release|Any CPU.ActiveCfg = Release|Any CPU
		{80807C56-AA64-4812-8D24-D1963F9063E5}.Release|Any CPU.Build.0 = Release|Any CPU
		{9ECCE170-35F4-476D-B70B-D157D0A3EFA6}.Debug|Any CPU.ActiveCfg = Debug|Any CPU
		{9ECCE170-35F4-476D-B70B-D157D0A3EFA6}.Debug|Any CPU.Build.0 = Debug|Any CPU
		{9ECCE170-35F4-476D-B70B-D157D0A3EFA6}.Release|Any CPU.ActiveCfg = Release|Any CPU
		{9ECCE170-35F4-476D-B70B-D157D0A3EFA6}.Release|Any CPU.Build.0 = Release|Any CPU
		{B345A2EB-6C4A-4419-93D0-D55AEC8E7F7C}.Debug|Any CPU.ActiveCfg = Debug|Any CPU
		{B345A2EB-6C4A-4419-93D0-D55AEC8E7F7C}.Debug|Any CPU.Build.0 = Debug|Any CPU
		{B345A2EB-6C4A-4419-93D0-D55AEC8E7F7C}.Release|Any CPU.ActiveCfg = Release|Any CPU
		{B345A2EB-6C4A-4419-93D0-D55AEC8E7F7C}.Release|Any CPU.Build.0 = Release|Any CPU
		{277916A2-8DA0-4AE3-8EC0-80991C114661}.Debug|Any CPU.ActiveCfg = Debug|Any CPU
		{277916A2-8DA0-4AE3-8EC0-80991C114661}.Debug|Any CPU.Build.0 = Debug|Any CPU
		{277916A2-8DA0-4AE3-8EC0-80991C114661}.Release|Any CPU.ActiveCfg = Release|Any CPU
		{277916A2-8DA0-4AE3-8EC0-80991C114661}.Release|Any CPU.Build.0 = Release|Any CPU
		{582FED33-C425-4C35-AB3D-C369975ECEE1}.Debug|Any CPU.ActiveCfg = Debug|Any CPU
		{582FED33-C425-4C35-AB3D-C369975ECEE1}.Debug|Any CPU.Build.0 = Debug|Any CPU
		{582FED33-C425-4C35-AB3D-C369975ECEE1}.Release|Any CPU.ActiveCfg = Release|Any CPU
		{582FED33-C425-4C35-AB3D-C369975ECEE1}.Release|Any CPU.Build.0 = Release|Any CPU
		{A1DA817F-EDA5-4B96-B0C1-C18F576421A3}.Debug|Any CPU.ActiveCfg = Debug|Any CPU
		{A1DA817F-EDA5-4B96-B0C1-C18F576421A3}.Debug|Any CPU.Build.0 = Debug|Any CPU
		{A1DA817F-EDA5-4B96-B0C1-C18F576421A3}.Release|Any CPU.ActiveCfg = Release|Any CPU
		{A1DA817F-EDA5-4B96-B0C1-C18F576421A3}.Release|Any CPU.Build.0 = Release|Any CPU
		{9D7A6C8C-5C69-4285-83DA-FCF31586DB3B}.Debug|Any CPU.ActiveCfg = Debug|Any CPU
		{9D7A6C8C-5C69-4285-83DA-FCF31586DB3B}.Debug|Any CPU.Build.0 = Debug|Any CPU
		{9D7A6C8C-5C69-4285-83DA-FCF31586DB3B}.Release|Any CPU.ActiveCfg = Release|Any CPU
		{9D7A6C8C-5C69-4285-83DA-FCF31586DB3B}.Release|Any CPU.Build.0 = Release|Any CPU
		{B60C5D09-9FFB-472F-B4D8-227FE90E1B02}.Debug|Any CPU.ActiveCfg = Debug|Any CPU
		{B60C5D09-9FFB-472F-B4D8-227FE90E1B02}.Debug|Any CPU.Build.0 = Debug|Any CPU
		{B60C5D09-9FFB-472F-B4D8-227FE90E1B02}.Release|Any CPU.ActiveCfg = Release|Any CPU
		{B60C5D09-9FFB-472F-B4D8-227FE90E1B02}.Release|Any CPU.Build.0 = Release|Any CPU
		{8B9B1686-7B49-48C6-A986-4DEDA23891C1}.Debug|Any CPU.ActiveCfg = Debug|Any CPU
		{8B9B1686-7B49-48C6-A986-4DEDA23891C1}.Debug|Any CPU.Build.0 = Debug|Any CPU
		{8B9B1686-7B49-48C6-A986-4DEDA23891C1}.Release|Any CPU.ActiveCfg = Release|Any CPU
		{8B9B1686-7B49-48C6-A986-4DEDA23891C1}.Release|Any CPU.Build.0 = Release|Any CPU
		{F4CE995C-66E8-475F-B833-EB0108212603}.Debug|Any CPU.ActiveCfg = Debug|Any CPU
		{F4CE995C-66E8-475F-B833-EB0108212603}.Debug|Any CPU.Build.0 = Debug|Any CPU
		{F4CE995C-66E8-475F-B833-EB0108212603}.Release|Any CPU.ActiveCfg = Release|Any CPU
		{F4CE995C-66E8-475F-B833-EB0108212603}.Release|Any CPU.Build.0 = Release|Any CPU
		{D8CDBF04-E985-4099-B451-E3886AACC16D}.Debug|Any CPU.ActiveCfg = Debug|Any CPU
		{D8CDBF04-E985-4099-B451-E3886AACC16D}.Debug|Any CPU.Build.0 = Debug|Any CPU
		{D8CDBF04-E985-4099-B451-E3886AACC16D}.Release|Any CPU.ActiveCfg = Release|Any CPU
		{D8CDBF04-E985-4099-B451-E3886AACC16D}.Release|Any CPU.Build.0 = Release|Any CPU
		{4CB378E8-90C5-48D9-BEDA-2E3725433413}.Debug|Any CPU.ActiveCfg = Debug|Any CPU
		{4CB378E8-90C5-48D9-BEDA-2E3725433413}.Debug|Any CPU.Build.0 = Debug|Any CPU
		{4CB378E8-90C5-48D9-BEDA-2E3725433413}.Release|Any CPU.ActiveCfg = Release|Any CPU
		{4CB378E8-90C5-48D9-BEDA-2E3725433413}.Release|Any CPU.Build.0 = Release|Any CPU
		{B925831E-69AC-4F76-B986-45BBADDDB6B2}.Debug|Any CPU.ActiveCfg = Debug|Any CPU
		{B925831E-69AC-4F76-B986-45BBADDDB6B2}.Debug|Any CPU.Build.0 = Debug|Any CPU
		{B925831E-69AC-4F76-B986-45BBADDDB6B2}.Release|Any CPU.ActiveCfg = Release|Any CPU
		{B925831E-69AC-4F76-B986-45BBADDDB6B2}.Release|Any CPU.Build.0 = Release|Any CPU
		{810A09C7-7FBC-4F0C-A3D3-672EF359318E}.Debug|Any CPU.ActiveCfg = Debug|Any CPU
		{810A09C7-7FBC-4F0C-A3D3-672EF359318E}.Debug|Any CPU.Build.0 = Debug|Any CPU
		{810A09C7-7FBC-4F0C-A3D3-672EF359318E}.Release|Any CPU.ActiveCfg = Release|Any CPU
		{810A09C7-7FBC-4F0C-A3D3-672EF359318E}.Release|Any CPU.Build.0 = Release|Any CPU
		{EBD16EB7-4329-444E-AE67-E3BC9C5D03C3}.Debug|Any CPU.ActiveCfg = Debug|Any CPU
		{EBD16EB7-4329-444E-AE67-E3BC9C5D03C3}.Debug|Any CPU.Build.0 = Debug|Any CPU
		{EBD16EB7-4329-444E-AE67-E3BC9C5D03C3}.Release|Any CPU.ActiveCfg = Release|Any CPU
		{EBD16EB7-4329-444E-AE67-E3BC9C5D03C3}.Release|Any CPU.Build.0 = Release|Any CPU
		{8E143D9C-28E7-4BE3-AFC7-C07831387576}.Debug|Any CPU.ActiveCfg = Debug|Any CPU
		{8E143D9C-28E7-4BE3-AFC7-C07831387576}.Debug|Any CPU.Build.0 = Debug|Any CPU
		{8E143D9C-28E7-4BE3-AFC7-C07831387576}.Release|Any CPU.ActiveCfg = Release|Any CPU
		{8E143D9C-28E7-4BE3-AFC7-C07831387576}.Release|Any CPU.Build.0 = Release|Any CPU
		{50C20042-25F8-4A87-B72E-201F13987370}.Debug|Any CPU.ActiveCfg = Debug|Any CPU
		{50C20042-25F8-4A87-B72E-201F13987370}.Debug|Any CPU.Build.0 = Debug|Any CPU
		{50C20042-25F8-4A87-B72E-201F13987370}.Release|Any CPU.ActiveCfg = Release|Any CPU
		{50C20042-25F8-4A87-B72E-201F13987370}.Release|Any CPU.Build.0 = Release|Any CPU
		{52706F0E-B149-4DEC-BFD4-8FD1AE0FF48F}.Debug|Any CPU.ActiveCfg = Debug|Any CPU
		{52706F0E-B149-4DEC-BFD4-8FD1AE0FF48F}.Debug|Any CPU.Build.0 = Debug|Any CPU
		{52706F0E-B149-4DEC-BFD4-8FD1AE0FF48F}.Release|Any CPU.ActiveCfg = Release|Any CPU
		{52706F0E-B149-4DEC-BFD4-8FD1AE0FF48F}.Release|Any CPU.Build.0 = Release|Any CPU
		{54809241-F64C-4C47-B3B1-74BA55ABA8CD}.Debug|Any CPU.ActiveCfg = Debug|Any CPU
		{54809241-F64C-4C47-B3B1-74BA55ABA8CD}.Debug|Any CPU.Build.0 = Debug|Any CPU
		{54809241-F64C-4C47-B3B1-74BA55ABA8CD}.Release|Any CPU.ActiveCfg = Release|Any CPU
		{54809241-F64C-4C47-B3B1-74BA55ABA8CD}.Release|Any CPU.Build.0 = Release|Any CPU
		{1A5FDBFF-28BB-4136-AD9E-45B17D6DD7B6}.Debug|Any CPU.ActiveCfg = Debug|Any CPU
		{1A5FDBFF-28BB-4136-AD9E-45B17D6DD7B6}.Debug|Any CPU.Build.0 = Debug|Any CPU
		{1A5FDBFF-28BB-4136-AD9E-45B17D6DD7B6}.Release|Any CPU.ActiveCfg = Release|Any CPU
		{1A5FDBFF-28BB-4136-AD9E-45B17D6DD7B6}.Release|Any CPU.Build.0 = Release|Any CPU
	EndGlobalSection
	GlobalSection(SolutionProperties) = preSolution
		HideSolutionNode = FALSE
	EndGlobalSection
	GlobalSection(NestedProjects) = preSolution
		{80807C56-AA64-4812-8D24-D1963F9063E5} = {93E6B8E2-2766-4FFD-A212-A69EB60382B0}
		{9ECCE170-35F4-476D-B70B-D157D0A3EFA6} = {93E6B8E2-2766-4FFD-A212-A69EB60382B0}
		{B345A2EB-6C4A-4419-93D0-D55AEC8E7F7C} = {93E6B8E2-2766-4FFD-A212-A69EB60382B0}
		{277916A2-8DA0-4AE3-8EC0-80991C114661} = {93E6B8E2-2766-4FFD-A212-A69EB60382B0}
		{582FED33-C425-4C35-AB3D-C369975ECEE1} = {C0497DD6-8CD4-4674-AF7E-ABD3F8487317}
		{A1DA817F-EDA5-4B96-B0C1-C18F576421A3} = {C0497DD6-8CD4-4674-AF7E-ABD3F8487317}
		{9D7A6C8C-5C69-4285-83DA-FCF31586DB3B} = {C0497DD6-8CD4-4674-AF7E-ABD3F8487317}
		{B60C5D09-9FFB-472F-B4D8-227FE90E1B02} = {C0497DD6-8CD4-4674-AF7E-ABD3F8487317}
		{8B9B1686-7B49-48C6-A986-4DEDA23891C1} = {93E6B8E2-2766-4FFD-A212-A69EB60382B0}
		{F4CE995C-66E8-475F-B833-EB0108212603} = {C0497DD6-8CD4-4674-AF7E-ABD3F8487317}
		{111D0B78-BBF5-CD87-15B6-32F25AF2740C} = {93E6B8E2-2766-4FFD-A212-A69EB60382B0}
		{BC9DDAC6-2AED-910F-CB42-4E26C61794A3} = {93E6B8E2-2766-4FFD-A212-A69EB60382B0}
		{D8CDBF04-E985-4099-B451-E3886AACC16D} = {111D0B78-BBF5-CD87-15B6-32F25AF2740C}
		{4CB378E8-90C5-48D9-BEDA-2E3725433413} = {111D0B78-BBF5-CD87-15B6-32F25AF2740C}
		{B925831E-69AC-4F76-B986-45BBADDDB6B2} = {111D0B78-BBF5-CD87-15B6-32F25AF2740C}
		{810A09C7-7FBC-4F0C-A3D3-672EF359318E} = {93E6B8E2-2766-4FFD-A212-A69EB60382B0}
		{EBD16EB7-4329-444E-AE67-E3BC9C5D03C3} = {BC9DDAC6-2AED-910F-CB42-4E26C61794A3}
		{8E143D9C-28E7-4BE3-AFC7-C07831387576} = {BC9DDAC6-2AED-910F-CB42-4E26C61794A3}
		{50C20042-25F8-4A87-B72E-201F13987370} = {BC9DDAC6-2AED-910F-CB42-4E26C61794A3}
		{52706F0E-B149-4DEC-BFD4-8FD1AE0FF48F} = {BC9DDAC6-2AED-910F-CB42-4E26C61794A3}
	EndGlobalSection
EndGlobal
